
Microsoft Visual Studio Solution File, Format Version 12.00
# Visual Studio Version 17
VisualStudioVersion = 17.0.31903.59
MinimumVisualStudioVersion = 10.0.40219.1
Project("{FAE04EC0-301F-11D3-BF4B-00C04F79EFBC}") = "hendrik-loesch-middleware", "hendrik-loesch-middleware\hendrik-loesch-middleware.csproj", "{505C2534-AC88-4282-A0A9-5B58695060FD}"
EndProject
Project("{FAE04EC0-301F-11D3-BF4B-00C04F79EFBC}") = "hendrik-loesch-middleware.tests", "hendrik-loesch-middleware.tests\hendrik-loesch-middleware.tests.csproj", "{51D5DE6C-CD7D-4784-9B96-FD7D2B4E3319}"
EndProject
Global
	GlobalSection(SolutionConfigurationPlatforms) = preSolution
		Debug|Any CPU = Debug|Any CPU
		Release|Any CPU = Release|Any CPU
	EndGlobalSection
	GlobalSection(SolutionProperties) = preSolution
		HideSolutionNode = FALSE
	EndGlobalSection
	GlobalSection(ProjectConfigurationPlatforms) = postSolution
		{505C2534-AC88-4282-A0A9-5B58695060FD}.Debug|Any CPU.ActiveCfg = Debug|Any CPU
		{505C2534-AC88-4282-A0A9-5B58695060FD}.Debug|Any CPU.Build.0 = Debug|Any CPU
		{505C2534-AC88-4282-A0A9-5B58695060FD}.Release|Any CPU.ActiveCfg = Release|Any CPU
		{505C2534-AC88-4282-A0A9-5B58695060FD}.Release|Any CPU.Build.0 = Release|Any CPU
		{51D5DE6C-CD7D-4784-9B96-FD7D2B4E3319}.Debug|Any CPU.ActiveCfg = Debug|Any CPU
		{51D5DE6C-CD7D-4784-9B96-FD7D2B4E3319}.Debug|Any CPU.Build.0 = Debug|Any CPU
		{51D5DE6C-CD7D-4784-9B96-FD7D2B4E3319}.Release|Any CPU.ActiveCfg = Release|Any CPU
		{51D5DE6C-CD7D-4784-9B96-FD7D2B4E3319}.Release|Any CPU.Build.0 = Release|Any CPU
	EndGlobalSection
EndGlobal
